
Microsoft Visual Studio Solution File, Format Version 12.00
# Visual Studio Version 17
VisualStudioVersion = 17.14.36414.22 d17.14
MinimumVisualStudioVersion = 10.0.40219.1
Project("{FAE04EC0-301F-11D3-BF4B-00C04F79EFBC}") = "part_one_Lesogo_Mathe", "part_one_Lesogo_Mathe\part_one_Lesogo_Mathe.csproj", "{9487B906-55B6-4580-8E3B-FDF17D4F3A95}"
EndProject
Global
	GlobalSection(SolutionConfigurationPlatforms) = preSolution
		Debug|Any CPU = Debug|Any CPU
		Release|Any CPU = Release|Any CPU
	EndGlobalSection
	GlobalSection(ProjectConfigurationPlatforms) = postSolution
		{9487B906-55B6-4580-8E3B-FDF17D4F3A95}.Debug|Any CPU.ActiveCfg = Debug|Any CPU
		{9487B906-55B6-4580-8E3B-FDF17D4F3A95}.Debug|Any CPU.Build.0 = Debug|Any CPU
		{9487B906-55B6-4580-8E3B-FDF17D4F3A95}.Release|Any CPU.ActiveCfg = Release|Any CPU
		{9487B906-55B6-4580-8E3B-FDF17D4F3A95}.Release|Any CPU.Build.0 = Release|Any CPU
	EndGlobalSection
	GlobalSection(SolutionProperties) = preSolution
		HideSolutionNode = FALSE
	EndGlobalSection
	GlobalSection(ExtensibilityGlobals) = postSolution
		SolutionGuid = {44AE8C0E-DBFA-43F4-BC86-A1C34DE7348F}
	EndGlobalSection
EndGlobal
